# THIS IS AN AUTOGENERATED FILE. DO NOT EDIT THIS FILE DIRECTLY.
# yarn lockfile v1


"@turbo/darwin-64@2.9.16":
  version "2.9.16"
  resolved "https://registry.yarnpkg.com/@turbo/darwin-64/-/darwin-64-2.9.16.tgz#f4146eab98e020d658a9a5d7feb846acba653546"
  integrity sha512-jLjApWTSNd7JZ5JaLYfelW1ytnGQOvB7ivl+2RD1xQvJTbi8I9gBjzcga7tDZVPyaxpl10YTfJt3BrYXR18KDw==

"@turbo/darwin-arm64@2.9.16":
  version "2.9.16"
  resolved "https://registry.yarnpkg.com/@turbo/darwin-arm64/-/darwin-arm64-2.9.16.tgz#1d01ca232fc189045d6a4dba4741f462e0343b8c"
  integrity sha512-YPgrn+5HIGzrx0O2a631SV4MBQUe4W/DafMFUuBVgaU32PW9/OTT0ehviF0QSxTXuRJlHvW2eUTemddF5/spmw==

"@turbo/linux-64@2.9.16":
  version "2.9.16"
  resolved "https://registry.yarnpkg.com/@turbo/linux-64/-/linux-64-2.9.16.tgz#8db630e6e5681a2ea48f7df1bca57bbd9bdf3e25"
  integrity sha512-vAEf1H6l26lTpl9FJ/peQo1NUB8RC0sbEJJz5mPcUhHA2bPDup2x3CZPgo/bH8S4cUcBLm4FN3UHd5iUO2RAew==

"@turbo/linux-arm64@2.9.16":
  version "2.9.16"
  resolved "https://registry.yarnpkg.com/@turbo/linux-arm64/-/linux-arm64-2.9.16.tgz#d1de82fc8075c4774b214dd2f5e8e2570bb03643"
  integrity sha512-xDBLR2PZg4BrQOchfG6svgpv5FCNJ2TOtT2psLdEJcdKo1BH+pnPs9Xj6pvUjgfkHbuvBOfeE4R6tvxMoQKDHQ==

"@turbo/windows-64@2.9.16":
  version "2.9.16"
  resolved "https://registry.yarnpkg.com/@turbo/windows-64/-/windows-64-2.9.16.tgz#e369c51edd737978651c2f6b4ce49b582976d66f"
  integrity sha512-NBAJnaUiGdgkSzQwUIdOvkCkcpTSu58G/sBGa0mvBtzfvFOOgrQwepKOOQ8cp6sWM6OcKDNFj2p1dsZA1OWjPg==

"@turbo/windows-arm64@2.9.16":
  version "2.9.16"
  resolved "https://registry.yarnpkg.com/@turbo/windows-arm64/-/windows-arm64-2.9.16.tgz#dbb2b2863e80eb9ca8da8bd8da63e2cc457e470c"
  integrity sha512-Y7SJppD0Z8wjO3Ec0ZGd9KQ4Yv0BMnA8CIowj5Vp+OEVsosXDG2weK6/t1RRLfJmc2Ozrnd6y4DOgQys+mn3WQ==

buffer-crc32@^1.0.0:
  version "1.0.0"
  resolved "https://registry.yarnpkg.com/buffer-crc32/-/buffer-crc32-1.0.0.tgz#a10993b9055081d55304bd9feb4a072de179f405"
  integrity sha512-Db1SbgBS/fg/392AblrMJk97KggmvYhr4pB5ZIMTWtaivCPMWLkmb7m21cJvpvgK+J3nsU2CmmixNBZx4vFj/w==

turbo@^2.0.12:
  version "2.9.16"
  resolved "https://registry.yarnpkg.com/turbo/-/turbo-2.9.16.tgz#ed72ff679c2c54bde0e3a2e40107416181e203a4"
  integrity sha512-NqgRQy6j6dPYcdSdv0q1g9QsZg7SWg87RERM8otw/1AtKU2yTFVClOM7cbwKzOonZr/Ek1blTBucw64L9H0Bwg==
  optionalDependencies:
    "@turbo/darwin-64" "2.9.16"
    "@turbo/darwin-arm64" "2.9.16"
    "@turbo/linux-64" "2.9.16"
    "@turbo/linux-arm64" "2.9.16"
    "@turbo/windows-64" "2.9.16"
    "@turbo/windows-arm64" "2.9.16"

typescript@^5.7.2:
  version "5.9.3"
  resolved "https://registry.yarnpkg.com/typescript/-/typescript-5.9.3.tgz#5b4f59e15310ab17a216f5d6cf53ee476ede670f"
  integrity sha512-jl1vZzPDinLr9eUt3J/t7V6FgNEw9QjvBPdysz9KfQDD41fQrC2Y4vKQdiaUpFT4bXlb1RHhLpp8wtm6M5TgSw==

yazl@^3.3.1:
  version "3.3.1"
  resolved "https://registry.yarnpkg.com/yazl/-/yazl-3.3.1.tgz#a69abad02d80739d3b1a7ffcca8434422477432c"
  integrity sha512-BbETDVWG+VcMUle37k5Fqp//7SDOK2/1+T7X8TD96M3D9G8jK5VLUdQVdVjGi8im7FGkazX7kk5hkU8X4L5Bng==
  dependencies:
    buffer-crc32 "^1.0.0"
